
Microsoft Visual Studio Solution File, Format Version 12.00
# Visual Studio Version 17
VisualStudioVersion = 17.4.33213.308
MinimumVisualStudioVersion = 10.0.40219.1
Project("{FAE04EC0-301F-11D3-BF4B-00C04F79EFBC}") = "LibraryManagement", "WebApplication1\LibraryManagement.csproj", "{79260C29-B9C5-4800-96A4-16BBB56CCD4C}"
EndProject
Global
	GlobalSection(SolutionConfigurationPlatforms) = preSolution
		Debug|Any CPU = Debug|Any CPU
		Release|Any CPU = Release|Any CPU
	EndGlobalSection
	GlobalSection(ProjectConfigurationPlatforms) = postSolution
		{79260C29-B9C5-4800-96A4-16BBB56CCD4C}.Debug|Any CPU.ActiveCfg = Debug|Any CPU
		{79260C29-B9C5-4800-96A4-16BBB56CCD4C}.Debug|Any CPU.Build.0 = Debug|Any CPU
		{79260C29-B9C5-4800-96A4-16BBB56CCD4C}.Release|Any CPU.ActiveCfg = Release|Any CPU
		{79260C29-B9C5-4800-96A4-16BBB56CCD4C}.Release|Any CPU.Build.0 = Release|Any CPU
	EndGlobalSection
	GlobalSection(SolutionProperties) = preSolution
		HideSolutionNode = FALSE
	EndGlobalSection
	GlobalSection(ExtensibilityGlobals) = postSolution
		SolutionGuid = {96A2AD01-F794-47BD-8979-72C805823CA6}
	EndGlobalSection
EndGlobal
